
Microsoft Visual Studio Solution File, Format Version 12.00
# Visual Studio 15
VisualStudioVersion = 15.0.28010.2050
MinimumVisualStudioVersion = 10.0.40219.1
Project("{FAE04EC0-301F-11D3-BF4B-00C04F79EFBC}") = "FrankyMaslimAPI", "FrankyMaslimAPI\FrankyMaslimAPI.csproj", "{5D9A97B9-7139-4CBF-A932-137B602D7087}"
EndProject
Global
	GlobalSection(SolutionConfigurationPlatforms) = preSolution
		Debug|Any CPU = Debug|Any CPU
		Release|Any CPU = Release|Any CPU
	EndGlobalSection
	GlobalSection(ProjectConfigurationPlatforms) = postSolution
		{5D9A97B9-7139-4CBF-A932-137B602D7087}.Debug|Any CPU.ActiveCfg = Debug|Any CPU
		{5D9A97B9-7139-4CBF-A932-137B602D7087}.Debug|Any CPU.Build.0 = Debug|Any CPU
		{5D9A97B9-7139-4CBF-A932-137B602D7087}.Release|Any CPU.ActiveCfg = Release|Any CPU
		{5D9A97B9-7139-4CBF-A932-137B602D7087}.Release|Any CPU.Build.0 = Release|Any CPU
	EndGlobalSection
	GlobalSection(SolutionProperties) = preSolution
		HideSolutionNode = FALSE
	EndGlobalSection
	GlobalSection(ExtensibilityGlobals) = postSolution
		SolutionGuid = {4EE9FB03-6942-4F94-B9A2-3F8E74C8B081}
	EndGlobalSection
EndGlobal
